
Microsoft Visual Studio Solution File, Format Version 12.00
# Visual Studio Version 16
VisualStudioVersion = 16.0.32630.194
MinimumVisualStudioVersion = 10.0.40219.1
Project("{FAE04EC0-301F-11D3-BF4B-00C04F79EFBC}") = "QuranApp", "QuranApp.csproj", "{5775C188-7B7B-41AF-ABD8-B3CA409B3E7E}"
EndProject
Global
	GlobalSection(SolutionConfigurationPlatforms) = preSolution
		Debug|Any CPU = Debug|Any CPU
		Release|Any CPU = Release|Any CPU
	EndGlobalSection
	GlobalSection(ProjectConfigurationPlatforms) = postSolution
		{5775C188-7B7B-41AF-ABD8-B3CA409B3E7E}.Debug|Any CPU.ActiveCfg = Debug|Any CPU
		{5775C188-7B7B-41AF-ABD8-B3CA409B3E7E}.Debug|Any CPU.Build.0 = Debug|Any CPU
		{5775C188-7B7B-41AF-ABD8-B3CA409B3E7E}.Release|Any CPU.ActiveCfg = Release|Any CPU
		{5775C188-7B7B-41AF-ABD8-B3CA409B3E7E}.Release|Any CPU.Build.0 = Release|Any CPU
	EndGlobalSection
	GlobalSection(SolutionProperties) = preSolution
		HideSolutionNode = FALSE
	EndGlobalSection
	GlobalSection(ExtensibilityGlobals) = postSolution
		SolutionGuid = {3DCB1684-9FC7-4D5E-B0E6-8464C4582D43}
	EndGlobalSection
EndGlobal
